
Microsoft Visual Studio Solution File, Format Version 12.00
# Visual Studio Version 16
VisualStudioVersion = 16.0.30611.23
MinimumVisualStudioVersion = 10.0.40219.1
Project("{FAE04EC0-301F-11D3-BF4B-00C04F79EFBC}") = "Merchant.API", "Merchant.API\Merchant.API.csproj", "{BA5C16DC-7526-46D9-B0FB-18FD1C22B8F4}"
EndProject
Global
	GlobalSection(SolutionConfigurationPlatforms) = preSolution
		Debug|Any CPU = Debug|Any CPU
		Release|Any CPU = Release|Any CPU
	EndGlobalSection
	GlobalSection(ProjectConfigurationPlatforms) = postSolution
		{BA5C16DC-7526-46D9-B0FB-18FD1C22B8F4}.Debug|Any CPU.ActiveCfg = Debug|Any CPU
		{BA5C16DC-7526-46D9-B0FB-18FD1C22B8F4}.Debug|Any CPU.Build.0 = Debug|Any CPU
		{BA5C16DC-7526-46D9-B0FB-18FD1C22B8F4}.Release|Any CPU.ActiveCfg = Release|Any CPU
		{BA5C16DC-7526-46D9-B0FB-18FD1C22B8F4}.Release|Any CPU.Build.0 = Release|Any CPU
	EndGlobalSection
	GlobalSection(SolutionProperties) = preSolution
		HideSolutionNode = FALSE
	EndGlobalSection
	GlobalSection(ExtensibilityGlobals) = postSolution
		SolutionGuid = {73B099BE-FE49-4D69-B6C1-AD6B58FC091D}
	EndGlobalSection
EndGlobal
