
Microsoft Visual Studio Solution File, Format Version 12.00
# Visual Studio Version 16
VisualStudioVersion = 16.0.30804.86
MinimumVisualStudioVersion = 10.0.40219.1
Project("{9A19103F-16F7-4668-BE54-9A1E7A4F7556}") = "E-commerce", "E-commerce\E-commerce.csproj", "{BE2A1141-14F6-4ECF-95CF-F0A50BAD5C87}"
EndProject
Project("{9A19103F-16F7-4668-BE54-9A1E7A4F7556}") = "Data", "Data\Data.csproj", "{D1F304FD-B08B-4D3B-9D94-AE31FE1AA573}"
EndProject
Project("{FAE04EC0-301F-11D3-BF4B-00C04F79EFBC}") = "Core", "Core\Core.csproj", "{07BF4144-B97B-41EB-BEA3-CF0A92BC9BE5}"
EndProject
Global
	GlobalSection(SolutionConfigurationPlatforms) = preSolution
		Debug|Any CPU = Debug|Any CPU
		Release|Any CPU = Release|Any CPU
	EndGlobalSection
	GlobalSection(ProjectConfigurationPlatforms) = postSolution
		{BE2A1141-14F6-4ECF-95CF-F0A50BAD5C87}.Debug|Any CPU.ActiveCfg = Debug|Any CPU
		{BE2A1141-14F6-4ECF-95CF-F0A50BAD5C87}.Debug|Any CPU.Build.0 = Debug|Any CPU
		{BE2A1141-14F6-4ECF-95CF-F0A50BAD5C87}.Release|Any CPU.ActiveCfg = Release|Any CPU
		{BE2A1141-14F6-4ECF-95CF-F0A50BAD5C87}.Release|Any CPU.Build.0 = Release|Any CPU
		{D1F304FD-B08B-4D3B-9D94-AE31FE1AA573}.Debug|Any CPU.ActiveCfg = Debug|Any CPU
		{D1F304FD-B08B-4D3B-9D94-AE31FE1AA573}.Debug|Any CPU.Build.0 = Debug|Any CPU
		{D1F304FD-B08B-4D3B-9D94-AE31FE1AA573}.Release|Any CPU.ActiveCfg = Release|Any CPU
		{D1F304FD-B08B-4D3B-9D94-AE31FE1AA573}.Release|Any CPU.Build.0 = Release|Any CPU
		{07BF4144-B97B-41EB-BEA3-CF0A92BC9BE5}.Debug|Any CPU.ActiveCfg = Debug|Any CPU
		{07BF4144-B97B-41EB-BEA3-CF0A92BC9BE5}.Debug|Any CPU.Build.0 = Debug|Any CPU
		{07BF4144-B97B-41EB-BEA3-CF0A92BC9BE5}.Release|Any CPU.ActiveCfg = Release|Any CPU
		{07BF4144-B97B-41EB-BEA3-CF0A92BC9BE5}.Release|Any CPU.Build.0 = Release|Any CPU
	EndGlobalSection
	GlobalSection(SolutionProperties) = preSolution
		HideSolutionNode = FALSE
	EndGlobalSection
	GlobalSection(ExtensibilityGlobals) = postSolution
		SolutionGuid = {4AD9A094-D166-474A-90BF-D076A5F0F290}
	EndGlobalSection
EndGlobal
